
Microsoft Visual Studio Solution File, Format Version 12.00
# Visual Studio 15
VisualStudioVersion = 15.0.27428.2037
MinimumVisualStudioVersion = 10.0.40219.1
Project("{FAE04EC0-301F-11D3-BF4B-00C04F79EFBC}") = "Digimap", "Digimap\Digimap.csproj", "{69C68A59-0880-49BA-AF87-1CAF3715691D}"
EndProject
Global
	GlobalSection(SolutionConfigurationPlatforms) = preSolution
		Debug|Any CPU = Debug|Any CPU
		Release|Any CPU = Release|Any CPU
	EndGlobalSection
	GlobalSection(ProjectConfigurationPlatforms) = postSolution
		{69C68A59-0880-49BA-AF87-1CAF3715691D}.Debug|Any CPU.ActiveCfg = Debug|Any CPU
		{69C68A59-0880-49BA-AF87-1CAF3715691D}.Debug|Any CPU.Build.0 = Debug|Any CPU
		{69C68A59-0880-49BA-AF87-1CAF3715691D}.Release|Any CPU.ActiveCfg = Release|Any CPU
		{69C68A59-0880-49BA-AF87-1CAF3715691D}.Release|Any CPU.Build.0 = Release|Any CPU
	EndGlobalSection
	GlobalSection(SolutionProperties) = preSolution
		HideSolutionNode = FALSE
	EndGlobalSection
	GlobalSection(ExtensibilityGlobals) = postSolution
		SolutionGuid = {7AF8763F-5514-4724-90FC-5C033E565E01}
	EndGlobalSection
EndGlobal
